
Microsoft Visual Studio Solution File, Format Version 12.00
# Visual Studio Version 17
VisualStudioVersion = 17.8.34316.72
MinimumVisualStudioVersion = 10.0.40219.1
Project("{FAE04EC0-301F-11D3-BF4B-00C04F79EFBC}") = "CinemaTicketBooking", "CinemaTicketBooking\CinemaTicketBooking.csproj", "{F6D8795E-F12C-4AFA-BC55-F5326DADFEBA}"
EndProject
Global
	GlobalSection(SolutionConfigurationPlatforms) = preSolution
		Debug|Any CPU = Debug|Any CPU
		Release|Any CPU = Release|Any CPU
	EndGlobalSection
	GlobalSection(ProjectConfigurationPlatforms) = postSolution
		{F6D8795E-F12C-4AFA-BC55-F5326DADFEBA}.Debug|Any CPU.ActiveCfg = Debug|Any CPU
		{F6D8795E-F12C-4AFA-BC55-F5326DADFEBA}.Debug|Any CPU.Build.0 = Debug|Any CPU
		{F6D8795E-F12C-4AFA-BC55-F5326DADFEBA}.Release|Any CPU.ActiveCfg = Release|Any CPU
		{F6D8795E-F12C-4AFA-BC55-F5326DADFEBA}.Release|Any CPU.Build.0 = Release|Any CPU
	EndGlobalSection
	GlobalSection(SolutionProperties) = preSolution
		HideSolutionNode = FALSE
	EndGlobalSection
	GlobalSection(ExtensibilityGlobals) = postSolution
		SolutionGuid = {7DDE9921-F488-48EB-A8CD-8422AC1A0D82}
	EndGlobalSection
EndGlobal
